
Microsoft Visual Studio Solution File, Format Version 12.00
# Visual Studio Version 17
VisualStudioVersion = 17.0.32014.148
MinimumVisualStudioVersion = 10.0.40219.1
Project("{9A19103F-16F7-4668-BE54-9A1E7A4F7556}") = "TopMostApp", "TopMostApp\TopMostApp.csproj", "{25BEDBDA-8A3B-4B04-B584-C23ECA6901BA}"
EndProject
Project("{9A19103F-16F7-4668-BE54-9A1E7A4F7556}") = "TopMostFriend", "TopMostFriend\TopMostFriend.csproj", "{E28969FE-122B-4FD7-BCA0-9D4A10DAE2F8}"
EndProject
Project("{FAE04EC0-301F-11D3-BF4B-00C04F79EFBC}") = "TopMostForm", "TopMostForm\TopMostForm.csproj", "{4A747B39-260A-4C82-9CED-33997E78C1F4}"
EndProject
Global
	GlobalSection(SolutionConfigurationPlatforms) = preSolution
		Debug|Any CPU = Debug|Any CPU
		Release|Any CPU = Release|Any CPU
	EndGlobalSection
	GlobalSection(ProjectConfigurationPlatforms) = postSolution
		{25BEDBDA-8A3B-4B04-B584-C23ECA6901BA}.Debug|Any CPU.ActiveCfg = Debug|Any CPU
		{25BEDBDA-8A3B-4B04-B584-C23ECA6901BA}.Debug|Any CPU.Build.0 = Debug|Any CPU
		{25BEDBDA-8A3B-4B04-B584-C23ECA6901BA}.Release|Any CPU.ActiveCfg = Release|Any CPU
		{25BEDBDA-8A3B-4B04-B584-C23ECA6901BA}.Release|Any CPU.Build.0 = Release|Any CPU
		{E28969FE-122B-4FD7-BCA0-9D4A10DAE2F8}.Debug|Any CPU.ActiveCfg = Debug|Any CPU
		{E28969FE-122B-4FD7-BCA0-9D4A10DAE2F8}.Debug|Any CPU.Build.0 = Debug|Any CPU
		{E28969FE-122B-4FD7-BCA0-9D4A10DAE2F8}.Release|Any CPU.ActiveCfg = Release|Any CPU
		{E28969FE-122B-4FD7-BCA0-9D4A10DAE2F8}.Release|Any CPU.Build.0 = Release|Any CPU
		{4A747B39-260A-4C82-9CED-33997E78C1F4}.Debug|Any CPU.ActiveCfg = Debug|Any CPU
		{4A747B39-260A-4C82-9CED-33997E78C1F4}.Debug|Any CPU.Build.0 = Debug|Any CPU
		{4A747B39-260A-4C82-9CED-33997E78C1F4}.Release|Any CPU.ActiveCfg = Release|Any CPU
		{4A747B39-260A-4C82-9CED-33997E78C1F4}.Release|Any CPU.Build.0 = Release|Any CPU
	EndGlobalSection
	GlobalSection(SolutionProperties) = preSolution
		HideSolutionNode = FALSE
	EndGlobalSection
	GlobalSection(ExtensibilityGlobals) = postSolution
		SolutionGuid = {1CE95C71-4C54-4C37-93CA-6F47CBF56C47}
	EndGlobalSection
EndGlobal
