
Microsoft Visual Studio Solution File, Format Version 12.00
# Visual Studio Version 17
VisualStudioVersion = 17.4.33110.190
MinimumVisualStudioVersion = 10.0.40219.1
Project("{FAE04EC0-301F-11D3-BF4B-00C04F79EFBC}") = "EyesGuard", "EyesGuard\EyesGuard.csproj", "{C9BF8494-EC16-4090-82E5-208CF56216D4}"
EndProject
Project("{6EC3EE1D-3C4E-46DD-8F32-0CC8E7565705}") = "EyesGuard.Data", "EyesGuard.Data\EyesGuard.Data.fsproj", "{223688AE-EB07-4766-98B0-E5FFEE6A1C4C}"
EndProject
Global
	GlobalSection(SolutionConfigurationPlatforms) = preSolution
		AzureDevOps|Any CPU = AzureDevOps|Any CPU
		Debug|Any CPU = Debug|Any CPU
		Release|Any CPU = Release|Any CPU
	EndGlobalSection
	GlobalSection(ProjectConfigurationPlatforms) = postSolution
		{C9BF8494-EC16-4090-82E5-208CF56216D4}.AzureDevOps|Any CPU.ActiveCfg = AzureDevOps|Any CPU
		{C9BF8494-EC16-4090-82E5-208CF56216D4}.AzureDevOps|Any CPU.Build.0 = AzureDevOps|Any CPU
		{C9BF8494-EC16-4090-82E5-208CF56216D4}.Debug|Any CPU.ActiveCfg = Debug|Any CPU
		{C9BF8494-EC16-4090-82E5-208CF56216D4}.Debug|Any CPU.Build.0 = Debug|Any CPU
		{C9BF8494-EC16-4090-82E5-208CF56216D4}.Release|Any CPU.ActiveCfg = Release|Any CPU
		{C9BF8494-EC16-4090-82E5-208CF56216D4}.Release|Any CPU.Build.0 = Release|Any CPU
		{223688AE-EB07-4766-98B0-E5FFEE6A1C4C}.AzureDevOps|Any CPU.ActiveCfg = Debug|Any CPU
		{223688AE-EB07-4766-98B0-E5FFEE6A1C4C}.AzureDevOps|Any CPU.Build.0 = Debug|Any CPU
		{223688AE-EB07-4766-98B0-E5FFEE6A1C4C}.Debug|Any CPU.ActiveCfg = Debug|Any CPU
		{223688AE-EB07-4766-98B0-E5FFEE6A1C4C}.Debug|Any CPU.Build.0 = Debug|Any CPU
		{223688AE-EB07-4766-98B0-E5FFEE6A1C4C}.Release|Any CPU.ActiveCfg = Release|Any CPU
		{223688AE-EB07-4766-98B0-E5FFEE6A1C4C}.Release|Any CPU.Build.0 = Release|Any CPU
	EndGlobalSection
	GlobalSection(SolutionProperties) = preSolution
		HideSolutionNode = FALSE
	EndGlobalSection
	GlobalSection(ExtensibilityGlobals) = postSolution
		SolutionGuid = {86D16AEC-F178-401E-A50E-66BD882D183D}
	EndGlobalSection
EndGlobal
