
Microsoft Visual Studio Solution File, Format Version 12.00
# Visual Studio Version 17
VisualStudioVersion = 17.0.31612.314
MinimumVisualStudioVersion = 10.0.40219.1
Project("{9A19103F-16F7-4668-BE54-9A1E7A4F7556}") = "KeqingNiuza", "KeqingNiuza\KeqingNiuza.csproj", "{67034299-8A8A-41C9-B276-400B63E7BBAE}"
EndProject
Project("{9A19103F-16F7-4668-BE54-9A1E7A4F7556}") = "KeqingNiuza.Launcher", "KeqingNiuza.Launcher\KeqingNiuza.Launcher.csproj", "{F8C7A8A6-D05E-430B-9B33-DFAF76EA848F}"
EndProject
Project("{9A19103F-16F7-4668-BE54-9A1E7A4F7556}") = "KeqingNiuza.RealtimeNotes", "KeqingNiuza.RealtimeNotes\KeqingNiuza.RealtimeNotes.csproj", "{743ADDF9-515D-4E69-86B4-A326F31AF3FA}"
EndProject
Global
	GlobalSection(SolutionConfigurationPlatforms) = preSolution
		Debug|Any CPU = Debug|Any CPU
		Debug|ARM = Debug|ARM
		Debug|ARM64 = Debug|ARM64
		Debug|x64 = Debug|x64
		Debug|x86 = Debug|x86
		Release|Any CPU = Release|Any CPU
		Release|ARM = Release|ARM
		Release|ARM64 = Release|ARM64
		Release|x64 = Release|x64
		Release|x86 = Release|x86
	EndGlobalSection
	GlobalSection(ProjectConfigurationPlatforms) = postSolution
		{67034299-8A8A-41C9-B276-400B63E7BBAE}.Debug|Any CPU.ActiveCfg = Debug|Any CPU
		{67034299-8A8A-41C9-B276-400B63E7BBAE}.Debug|Any CPU.Build.0 = Debug|Any CPU
		{67034299-8A8A-41C9-B276-400B63E7BBAE}.Debug|ARM.ActiveCfg = Debug|Any CPU
		{67034299-8A8A-41C9-B276-400B63E7BBAE}.Debug|ARM.Build.0 = Debug|Any CPU
		{67034299-8A8A-41C9-B276-400B63E7BBAE}.Debug|ARM64.ActiveCfg = Debug|Any CPU
		{67034299-8A8A-41C9-B276-400B63E7BBAE}.Debug|ARM64.Build.0 = Debug|Any CPU
		{67034299-8A8A-41C9-B276-400B63E7BBAE}.Debug|x64.ActiveCfg = Debug|Any CPU
		{67034299-8A8A-41C9-B276-400B63E7BBAE}.Debug|x64.Build.0 = Debug|Any CPU
		{67034299-8A8A-41C9-B276-400B63E7BBAE}.Debug|x86.ActiveCfg = Debug|Any CPU
		{67034299-8A8A-41C9-B276-400B63E7BBAE}.Debug|x86.Build.0 = Debug|Any CPU
		{67034299-8A8A-41C9-B276-400B63E7BBAE}.Release|Any CPU.ActiveCfg = Release|Any CPU
		{67034299-8A8A-41C9-B276-400B63E7BBAE}.Release|Any CPU.Build.0 = Release|Any CPU
		{67034299-8A8A-41C9-B276-400B63E7BBAE}.Release|ARM.ActiveCfg = Release|Any CPU
		{67034299-8A8A-41C9-B276-400B63E7BBAE}.Release|ARM.Build.0 = Release|Any CPU
		{67034299-8A8A-41C9-B276-400B63E7BBAE}.Release|ARM64.ActiveCfg = Release|Any CPU
		{67034299-8A8A-41C9-B276-400B63E7BBAE}.Release|ARM64.Build.0 = Release|Any CPU
		{67034299-8A8A-41C9-B276-400B63E7BBAE}.Release|x64.ActiveCfg = Release|Any CPU
		{67034299-8A8A-41C9-B276-400B63E7BBAE}.Release|x64.Build.0 = Release|Any CPU
		{67034299-8A8A-41C9-B276-400B63E7BBAE}.Release|x86.ActiveCfg = Release|Any CPU
		{67034299-8A8A-41C9-B276-400B63E7BBAE}.Release|x86.Build.0 = Release|Any CPU
		{F8C7A8A6-D05E-430B-9B33-DFAF76EA848F}.Debug|Any CPU.ActiveCfg = Debug|Any CPU
		{F8C7A8A6-D05E-430B-9B33-DFAF76EA848F}.Debug|Any CPU.Build.0 = Debug|Any CPU
		{F8C7A8A6-D05E-430B-9B33-DFAF76EA848F}.Debug|ARM.ActiveCfg = Debug|Any CPU
		{F8C7A8A6-D05E-430B-9B33-DFAF76EA848F}.Debug|ARM.Build.0 = Debug|Any CPU
		{F8C7A8A6-D05E-430B-9B33-DFAF76EA848F}.Debug|ARM64.ActiveCfg = Debug|Any CPU
		{F8C7A8A6-D05E-430B-9B33-DFAF76EA848F}.Debug|ARM64.Build.0 = Debug|Any CPU
		{F8C7A8A6-D05E-430B-9B33-DFAF76EA848F}.Debug|x64.ActiveCfg = Debug|Any CPU
		{F8C7A8A6-D05E-430B-9B33-DFAF76EA848F}.Debug|x64.Build.0 = Debug|Any CPU
		{F8C7A8A6-D05E-430B-9B33-DFAF76EA848F}.Debug|x86.ActiveCfg = Debug|Any CPU
		{F8C7A8A6-D05E-430B-9B33-DFAF76EA848F}.Debug|x86.Build.0 = Debug|Any CPU
		{F8C7A8A6-D05E-430B-9B33-DFAF76EA848F}.Release|Any CPU.ActiveCfg = Release|Any CPU
		{F8C7A8A6-D05E-430B-9B33-DFAF76EA848F}.Release|Any CPU.Build.0 = Release|Any CPU
		{F8C7A8A6-D05E-430B-9B33-DFAF76EA848F}.Release|ARM.ActiveCfg = Release|Any CPU
		{F8C7A8A6-D05E-430B-9B33-DFAF76EA848F}.Release|ARM.Build.0 = Release|Any CPU
		{F8C7A8A6-D05E-430B-9B33-DFAF76EA848F}.Release|ARM64.ActiveCfg = Release|Any CPU
		{F8C7A8A6-D05E-430B-9B33-DFAF76EA848F}.Release|ARM64.Build.0 = Release|Any CPU
		{F8C7A8A6-D05E-430B-9B33-DFAF76EA848F}.Release|x64.ActiveCfg = Release|Any CPU
		{F8C7A8A6-D05E-430B-9B33-DFAF76EA848F}.Release|x64.Build.0 = Release|Any CPU
		{F8C7A8A6-D05E-430B-9B33-DFAF76EA848F}.Release|x86.ActiveCfg = Release|Any CPU
		{F8C7A8A6-D05E-430B-9B33-DFAF76EA848F}.Release|x86.Build.0 = Release|Any CPU
		{743ADDF9-515D-4E69-86B4-A326F31AF3FA}.Debug|Any CPU.ActiveCfg = Debug|Any CPU
		{743ADDF9-515D-4E69-86B4-A326F31AF3FA}.Debug|Any CPU.Build.0 = Debug|Any CPU
		{743ADDF9-515D-4E69-86B4-A326F31AF3FA}.Debug|ARM.ActiveCfg = Debug|Any CPU
		{743ADDF9-515D-4E69-86B4-A326F31AF3FA}.Debug|ARM.Build.0 = Debug|Any CPU
		{743ADDF9-515D-4E69-86B4-A326F31AF3FA}.Debug|ARM64.ActiveCfg = Debug|Any CPU
		{743ADDF9-515D-4E69-86B4-A326F31AF3FA}.Debug|ARM64.Build.0 = Debug|Any CPU
		{743ADDF9-515D-4E69-86B4-A326F31AF3FA}.Debug|x64.ActiveCfg = Debug|Any CPU
		{743ADDF9-515D-4E69-86B4-A326F31AF3FA}.Debug|x64.Build.0 = Debug|Any CPU
		{743ADDF9-515D-4E69-86B4-A326F31AF3FA}.Debug|x86.ActiveCfg = Debug|Any CPU
		{743ADDF9-515D-4E69-86B4-A326F31AF3FA}.Debug|x86.Build.0 = Debug|Any CPU
		{743ADDF9-515D-4E69-86B4-A326F31AF3FA}.Release|Any CPU.ActiveCfg = Release|Any CPU
		{743ADDF9-515D-4E69-86B4-A326F31AF3FA}.Release|Any CPU.Build.0 = Release|Any CPU
		{743ADDF9-515D-4E69-86B4-A326F31AF3FA}.Release|ARM.ActiveCfg = Release|Any CPU
		{743ADDF9-515D-4E69-86B4-A326F31AF3FA}.Release|ARM.Build.0 = Release|Any CPU
		{743ADDF9-515D-4E69-86B4-A326F31AF3FA}.Release|ARM64.ActiveCfg = Release|Any CPU
		{743ADDF9-515D-4E69-86B4-A326F31AF3FA}.Release|ARM64.Build.0 = Release|Any CPU
		{743ADDF9-515D-4E69-86B4-A326F31AF3FA}.Release|x64.ActiveCfg = Release|Any CPU
		{743ADDF9-515D-4E69-86B4-A326F31AF3FA}.Release|x64.Build.0 = Release|Any CPU
		{743ADDF9-515D-4E69-86B4-A326F31AF3FA}.Release|x86.ActiveCfg = Release|Any CPU
		{743ADDF9-515D-4E69-86B4-A326F31AF3FA}.Release|x86.Build.0 = Release|Any CPU
	EndGlobalSection
	GlobalSection(SolutionProperties) = preSolution
		HideSolutionNode = FALSE
	EndGlobalSection
	GlobalSection(ExtensibilityGlobals) = postSolution
		SolutionGuid = {32E88058-EC42-48E9-A440-F9ABA3D9527F}
	EndGlobalSection
EndGlobal
