
Microsoft Visual Studio Solution File, Format Version 12.00
# Visual Studio Version 17
VisualStudioVersion = 17.4.33110.190
MinimumVisualStudioVersion = 10.0.40219.1
Project("{9A19103F-16F7-4668-BE54-9A1E7A4F7556}") = "WPFSample", "WPFSample\WPFSample.csproj", "{A646DB02-FFA0-460F-AF1F-67B791D88A8C}"
EndProject
Project("{9A19103F-16F7-4668-BE54-9A1E7A4F7556}") = "ViewModelsSamples", "ViewModelsSamples\ViewModelsSamples.csproj", "{60F6D1B1-DAAB-4F01-A8BB-FCF4053BA619}"
EndProject
Global
	GlobalSection(SolutionConfigurationPlatforms) = preSolution
		Debug|Any CPU = Debug|Any CPU
		Release|Any CPU = Release|Any CPU
	EndGlobalSection
	GlobalSection(ProjectConfigurationPlatforms) = postSolution
		{A646DB02-FFA0-460F-AF1F-67B791D88A8C}.Debug|Any CPU.ActiveCfg = Debug|Any CPU
		{A646DB02-FFA0-460F-AF1F-67B791D88A8C}.Debug|Any CPU.Build.0 = Debug|Any CPU
		{A646DB02-FFA0-460F-AF1F-67B791D88A8C}.Release|Any CPU.ActiveCfg = Release|Any CPU
		{A646DB02-FFA0-460F-AF1F-67B791D88A8C}.Release|Any CPU.Build.0 = Release|Any CPU
		{60F6D1B1-DAAB-4F01-A8BB-FCF4053BA619}.Debug|Any CPU.ActiveCfg = Debug|Any CPU
		{60F6D1B1-DAAB-4F01-A8BB-FCF4053BA619}.Debug|Any CPU.Build.0 = Debug|Any CPU
		{60F6D1B1-DAAB-4F01-A8BB-FCF4053BA619}.Release|Any CPU.ActiveCfg = Release|Any CPU
		{60F6D1B1-DAAB-4F01-A8BB-FCF4053BA619}.Release|Any CPU.Build.0 = Release|Any CPU
	EndGlobalSection
	GlobalSection(SolutionProperties) = preSolution
		HideSolutionNode = FALSE
	EndGlobalSection
	GlobalSection(ExtensibilityGlobals) = postSolution
		SolutionGuid = {10BC1094-3C95-46F5-869A-23BC7D9363B4}
	EndGlobalSection
EndGlobal
