
Microsoft Visual Studio Solution File, Format Version 12.00
# Visual Studio Version 17
VisualStudioVersion = 17.0.32014.148
MinimumVisualStudioVersion = 10.0.40219.1
Project("{9A19103F-16F7-4668-BE54-9A1E7A4F7556}") = "WPFSample", "WPFSample\WPFSample.csproj", "{45073A0E-CC9F-4812-8E1C-7519B124567A}"
EndProject
Project("{9A19103F-16F7-4668-BE54-9A1E7A4F7556}") = "ViewModelsSamples", "ViewModelsSamples\ViewModelsSamples.csproj", "{E1D8CCA1-E2DF-4645-8ED8-C831E3BBA177}"
EndProject
Global
	GlobalSection(SolutionConfigurationPlatforms) = preSolution
		Debug|Any CPU = Debug|Any CPU
		Release|Any CPU = Release|Any CPU
	EndGlobalSection
	GlobalSection(ProjectConfigurationPlatforms) = postSolution
		{45073A0E-CC9F-4812-8E1C-7519B124567A}.Debug|Any CPU.ActiveCfg = Debug|Any CPU
		{45073A0E-CC9F-4812-8E1C-7519B124567A}.Debug|Any CPU.Build.0 = Debug|Any CPU
		{45073A0E-CC9F-4812-8E1C-7519B124567A}.Release|Any CPU.ActiveCfg = Release|Any CPU
		{45073A0E-CC9F-4812-8E1C-7519B124567A}.Release|Any CPU.Build.0 = Release|Any CPU
		{E1D8CCA1-E2DF-4645-8ED8-C831E3BBA177}.Debug|Any CPU.ActiveCfg = Debug|Any CPU
		{E1D8CCA1-E2DF-4645-8ED8-C831E3BBA177}.Debug|Any CPU.Build.0 = Debug|Any CPU
		{E1D8CCA1-E2DF-4645-8ED8-C831E3BBA177}.Release|Any CPU.ActiveCfg = Release|Any CPU
		{E1D8CCA1-E2DF-4645-8ED8-C831E3BBA177}.Release|Any CPU.Build.0 = Release|Any CPU
	EndGlobalSection
	GlobalSection(SolutionProperties) = preSolution
		HideSolutionNode = FALSE
	EndGlobalSection
	GlobalSection(ExtensibilityGlobals) = postSolution
		SolutionGuid = {4E2837C2-A3C0-4D15-A962-A51101E79958}
	EndGlobalSection
EndGlobal
